{
  "name": "monitor-wx",
  "version": "1.0.0",
  "lockfileVersion": 2,
  "requires": true,
  "packages": {
    "": {
      "name": "monitor-wx",
      "version": "1.0.0",
      "license": "ISC",
      "dependencies": {
        "pili-rtc-wxapp": "^1.2.3",
        "qnwxapp-rtc": "^4.0.6"
      }
    },
    "node_modules/blueimp-md5": {
      "version": "2.19.0",
      "resolved": "https://registry.npmmirror.com/blueimp-md5/-/blueimp-md5-2.19.0.tgz",
      "integrity": "sha512-DRQrD6gJyy8FbiE4s+bDoXS9hiW3Vbx5uCdwvcCf3zLHL+Iv7LtGHLpr+GZV8rHG8tK766FGYBwRbu8pELTt+w=="
    },
    "node_modules/crc32": {
      "version": "0.2.2",
      "resolved": "https://registry.npmmirror.com/crc32/-/crc32-0.2.2.tgz",
      "integrity": "sha512-PFZEGbDUeoNbL2GHIEpJRQGheXReDody/9axKTxhXtQqIL443wnNigtVZO9iuCIMPApKZRv7k2xr8euXHqNxQQ==",
      "bin": {
        "crc32": "bin/runner.js"
      },
      "engines": {
        "node": ">= 0.4.0"
      }
    },
    "node_modules/deflate-js": {
      "version": "0.2.3",
      "resolved": "https://registry.npmmirror.com/deflate-js/-/deflate-js-0.2.3.tgz",
      "integrity": "sha512-r5KgHJ/yTiWQs23nVeQz5dSL/kmW0MBszsssNyEqDCjjFDj4XG/c6QUN/I0JtY3ZHwwcaNBtGE8s+oV33acTfQ==",
      "bin": {
        "deflate-js": "bin/deflate.js",
        "inflate-js": "bin/inflate.js"
      },
      "engines": {
        "node": ">= 0.4.0"
      }
    },
    "node_modules/events": {
      "version": "3.3.0",
      "resolved": "https://registry.npmmirror.com/events/-/events-3.3.0.tgz",
      "integrity": "sha512-mQw+2fkQbALzQ7V0MY0IqdnXNOeTtP4r0lN9z7AAawCXgqea7bDii20AYrIBrFd/Hx0M2Ocz6S111CaFkUcb0Q==",
      "engines": {
        "node": ">=0.8.x"
      }
    },
    "node_modules/fingerprintjs2": {
      "version": "2.1.4",
      "resolved": "https://registry.npmmirror.com/fingerprintjs2/-/fingerprintjs2-2.1.4.tgz",
      "integrity": "sha512-veP2yVsnYvjDVkzZMyIEwpqCAQfsBLH+U4PK5MlFAnLjZrttbdRqEArE1fPcnJFz5oS5CrdONbsV7J6FGpIJEQ==",
      "deprecated": "Package has been renamed to @fingerprintjs/fingerprintjs. Install @fingerprintjs/fingerprintjs to get updates."
    },
    "node_modules/gzip-js": {
      "version": "0.3.2",
      "resolved": "https://registry.npmmirror.com/gzip-js/-/gzip-js-0.3.2.tgz",
      "integrity": "sha512-BFTiwtEN12koJsnhVo77SzW+u6VANzhaK0HEtdwFwgFzFOq1WQJ8eSPEyGAueUfs1C/WqdgtuYnUwCRuRm1A5Q==",
      "dependencies": {
        "crc32": ">= 0.2.2",
        "deflate-js": ">= 0.2.2"
      },
      "bin": {
        "gunzip-js": "bin/gunzip.js",
        "gzip-js": "bin/gzip.js"
      },
      "engines": {
        "node": ">= 0.4.0"
      }
    },
    "node_modules/js-base64": {
      "version": "2.6.4",
      "resolved": "https://registry.npmmirror.com/js-base64/-/js-base64-2.6.4.tgz",
      "integrity": "sha512-pZe//GGmwJndub7ZghVHz7vjb2LgC1m8B07Au3eYqeqv9emhESByMXxaEgkUkEqJe87oBbSniGYoQNIBklc7IQ=="
    },
    "node_modules/pili-rtc-wxapp": {
      "version": "1.2.3",
      "resolved": "https://registry.npmmirror.com/pili-rtc-wxapp/-/pili-rtc-wxapp-1.2.3.tgz",
      "integrity": "sha512-Dn3BNKvOQsMCEa0ICtyozDieKGXbzqWt9MU+O8K9OyE3VItj2p563egglV/1REXnq4LT4KSmF7F0osnfDlg+6w==",
      "dependencies": {
        "blueimp-md5": "^2.18.0",
        "crc32": "^0.2.2",
        "deflate-js": "^0.2.3",
        "events": "^3.0.0",
        "fingerprintjs2": "^2.1.2",
        "gzip-js": "^0.3.2",
        "js-base64": "^2.6.4",
        "wolfy87-eventemitter": "^5.2.9"
      }
    },
    "node_modules/qnwxapp-rtc": {
      "version": "4.0.6",
      "resolved": "https://registry.npmmirror.com/qnwxapp-rtc/-/qnwxapp-rtc-4.0.6.tgz",
      "integrity": "sha512-7qngDoT8OcINY7eJZM+7CmxM8Eoi42vrFmrGVvSv4xNuXTzM0jCir5k8jony05H/AJuL9IFwqJxP4Rbgrd8eQA==",
      "dependencies": {
        "blueimp-md5": "^2.18.0",
        "crc32": "^0.2.2",
        "deflate-js": "^0.2.3",
        "events": "^3.0.0",
        "fingerprintjs2": "^2.1.2",
        "gzip-js": "^0.3.2",
        "wolfy87-eventemitter": "^5.2.9"
      }
    },
    "node_modules/wolfy87-eventemitter": {
      "version": "5.2.9",
      "resolved": "https://registry.npmmirror.com/wolfy87-eventemitter/-/wolfy87-eventemitter-5.2.9.tgz",
      "integrity": "sha512-P+6vtWyuDw+MB01X7UeF8TaHBvbCovf4HPEMF/SV7BdDc1SMTiBy13SRD71lQh4ExFTG1d/WNzDGDCyOKSMblw=="
    }
  },
  "dependencies": {
    "blueimp-md5": {
      "version": "2.19.0",
      "resolved": "https://registry.npmmirror.com/blueimp-md5/-/blueimp-md5-2.19.0.tgz",
      "integrity": "sha512-DRQrD6gJyy8FbiE4s+bDoXS9hiW3Vbx5uCdwvcCf3zLHL+Iv7LtGHLpr+GZV8rHG8tK766FGYBwRbu8pELTt+w=="
    },
    "crc32": {
      "version": "0.2.2",
      "resolved": "https://registry.npmmirror.com/crc32/-/crc32-0.2.2.tgz",
      "integrity": "sha512-PFZEGbDUeoNbL2GHIEpJRQGheXReDody/9axKTxhXtQqIL443wnNigtVZO9iuCIMPApKZRv7k2xr8euXHqNxQQ=="
    },
    "deflate-js": {
      "version": "0.2.3",
      "resolved": "https://registry.npmmirror.com/deflate-js/-/deflate-js-0.2.3.tgz",
      "integrity": "sha512-r5KgHJ/yTiWQs23nVeQz5dSL/kmW0MBszsssNyEqDCjjFDj4XG/c6QUN/I0JtY3ZHwwcaNBtGE8s+oV33acTfQ=="
    },
    "events": {
      "version": "3.3.0",
      "resolved": "https://registry.npmmirror.com/events/-/events-3.3.0.tgz",
      "integrity": "sha512-mQw+2fkQbALzQ7V0MY0IqdnXNOeTtP4r0lN9z7AAawCXgqea7bDii20AYrIBrFd/Hx0M2Ocz6S111CaFkUcb0Q=="
    },
    "fingerprintjs2": {
      "version": "2.1.4",
      "resolved": "https://registry.npmmirror.com/fingerprintjs2/-/fingerprintjs2-2.1.4.tgz",
      "integrity": "sha512-veP2yVsnYvjDVkzZMyIEwpqCAQfsBLH+U4PK5MlFAnLjZrttbdRqEArE1fPcnJFz5oS5CrdONbsV7J6FGpIJEQ=="
    },
    "gzip-js": {
      "version": "0.3.2",
      "resolved": "https://registry.npmmirror.com/gzip-js/-/gzip-js-0.3.2.tgz",
      "integrity": "sha512-BFTiwtEN12koJsnhVo77SzW+u6VANzhaK0HEtdwFwgFzFOq1WQJ8eSPEyGAueUfs1C/WqdgtuYnUwCRuRm1A5Q==",
      "requires": {
        "crc32": ">= 0.2.2",
        "deflate-js": ">= 0.2.2"
      }
    },
    "js-base64": {
      "version": "2.6.4",
      "resolved": "https://registry.npmmirror.com/js-base64/-/js-base64-2.6.4.tgz",
      "integrity": "sha512-pZe//GGmwJndub7ZghVHz7vjb2LgC1m8B07Au3eYqeqv9emhESByMXxaEgkUkEqJe87oBbSniGYoQNIBklc7IQ=="
    },
    "pili-rtc-wxapp": {
      "version": "1.2.3",
      "resolved": "https://registry.npmmirror.com/pili-rtc-wxapp/-/pili-rtc-wxapp-1.2.3.tgz",
      "integrity": "sha512-Dn3BNKvOQsMCEa0ICtyozDieKGXbzqWt9MU+O8K9OyE3VItj2p563egglV/1REXnq4LT4KSmF7F0osnfDlg+6w==",
      "requires": {
        "blueimp-md5": "^2.18.0",
        "crc32": "^0.2.2",
        "deflate-js": "^0.2.3",
        "events": "^3.0.0",
        "fingerprintjs2": "^2.1.2",
        "gzip-js": "^0.3.2",
        "js-base64": "^2.6.4",
        "wolfy87-eventemitter": "^5.2.9"
      }
    },
    "qnwxapp-rtc": {
      "version": "4.0.6",
      "resolved": "https://registry.npmmirror.com/qnwxapp-rtc/-/qnwxapp-rtc-4.0.6.tgz",
      "integrity": "sha512-7qngDoT8OcINY7eJZM+7CmxM8Eoi42vrFmrGVvSv4xNuXTzM0jCir5k8jony05H/AJuL9IFwqJxP4Rbgrd8eQA==",
      "requires": {
        "blueimp-md5": "^2.18.0",
        "crc32": "^0.2.2",
        "deflate-js": "^0.2.3",
        "events": "^3.0.0",
        "fingerprintjs2": "^2.1.2",
        "gzip-js": "^0.3.2",
        "wolfy87-eventemitter": "^5.2.9"
      }
    },
    "wolfy87-eventemitter": {
      "version": "5.2.9",
      "resolved": "https://registry.npmmirror.com/wolfy87-eventemitter/-/wolfy87-eventemitter-5.2.9.tgz",
      "integrity": "sha512-P+6vtWyuDw+MB01X7UeF8TaHBvbCovf4HPEMF/SV7BdDc1SMTiBy13SRD71lQh4ExFTG1d/WNzDGDCyOKSMblw=="
    }
  }
}
